
Microsoft Visual Studio Solution File, Format Version 12.00
# Visual Studio Version 17
VisualStudioVersion = 17.1.32414.318
MinimumVisualStudioVersion = 10.0.40219.1
Project("{9A19103F-16F7-4668-BE54-9A1E7A4F7556}") = "LeetCode.App", "LeetCode.App\LeetCode.App.csproj", "{8A9C6EA0-2351-40F2-9F7E-CFE16A37FAA6}"
EndProject
Project("{FAE04EC0-301F-11D3-BF4B-00C04F79EFBC}") = "LeetCode", "LeetCode\LeetCode.csproj", "{1BF8831E-3E36-4BCD-B551-652E9F7612DA}"
EndProject
Project("{FAE04EC0-301F-11D3-BF4B-00C04F79EFBC}") = "LeetCode.Test", "LeetCode.Test\LeetCode.Test.csproj", "{1EEDFCCB-19D4-4B18-89B2-EF98A0805935}"
EndProject
Global
	GlobalSection(SolutionConfigurationPlatforms) = preSolution
		Debug|Any CPU = Debug|Any CPU
		Release|Any CPU = Release|Any CPU
	EndGlobalSection
	GlobalSection(ProjectConfigurationPlatforms) = postSolution
		{8A9C6EA0-2351-40F2-9F7E-CFE16A37FAA6}.Debug|Any CPU.ActiveCfg = Debug|Any CPU
		{8A9C6EA0-2351-40F2-9F7E-CFE16A37FAA6}.Debug|Any CPU.Build.0 = Debug|Any CPU
		{8A9C6EA0-2351-40F2-9F7E-CFE16A37FAA6}.Release|Any CPU.ActiveCfg = Release|Any CPU
		{8A9C6EA0-2351-40F2-9F7E-CFE16A37FAA6}.Release|Any CPU.Build.0 = Release|Any CPU
		{1BF8831E-3E36-4BCD-B551-652E9F7612DA}.Debug|Any CPU.ActiveCfg = Debug|Any CPU
		{1BF8831E-3E36-4BCD-B551-652E9F7612DA}.Debug|Any CPU.Build.0 = Debug|Any CPU
		{1BF8831E-3E36-4BCD-B551-652E9F7612DA}.Release|Any CPU.ActiveCfg = Release|Any CPU
		{1BF8831E-3E36-4BCD-B551-652E9F7612DA}.Release|Any CPU.Build.0 = Release|Any CPU
		{1EEDFCCB-19D4-4B18-89B2-EF98A0805935}.Debug|Any CPU.ActiveCfg = Debug|Any CPU
		{1EEDFCCB-19D4-4B18-89B2-EF98A0805935}.Debug|Any CPU.Build.0 = Debug|Any CPU
		{1EEDFCCB-19D4-4B18-89B2-EF98A0805935}.Release|Any CPU.ActiveCfg = Release|Any CPU
		{1EEDFCCB-19D4-4B18-89B2-EF98A0805935}.Release|Any CPU.Build.0 = Release|Any CPU
	EndGlobalSection
	GlobalSection(SolutionProperties) = preSolution
		HideSolutionNode = FALSE
	EndGlobalSection
	GlobalSection(ExtensibilityGlobals) = postSolution
		SolutionGuid = {EF7F7CC2-3FE1-4DBF-A4B8-EBACDC3523AD}
	EndGlobalSection
EndGlobal
